
Microsoft Visual Studio Solution File, Format Version 12.00
# Visual Studio 14
VisualStudioVersion = 14.0.25420.1
MinimumVisualStudioVersion = 10.0.40219.1
Project("{FAE04EC0-301F-11D3-BF4B-00C04F79EFBC}") = "DML_MobgameClient.UI", "DML_MobgameClient.UI\DML_MobgameClient.UI.csproj", "{B9D903E9-2658-431F-ACC2-26EBD3E19871}"
EndProject
Project("{FAE04EC0-301F-11D3-BF4B-00C04F79EFBC}") = "DML_MobgameClient.DataProvider", "DML_MobgameClient.DataProvider\DML_MobgameClient.DataProvider.csproj", "{D15DCBB6-D3E0-40B8-8118-86A5F49610E9}"
EndProject
Project("{2150E333-8FDC-42A3-9474-1A3956D46DE8}") = "Tests", "Tests", "{BAF4648E-B494-419E-9CAA-92524A6E640F}"
EndProject
Project("{FAE04EC0-301F-11D3-BF4B-00C04F79EFBC}") = "DML_MobgameClient.DataProvider.Tests", "DML_MobgameClient.DataProvider.Tests\DML_MobgameClient.DataProvider.Tests.csproj", "{56164678-45A8-4524-9031-99159593422C}"
EndProject
Project("{FAE04EC0-301F-11D3-BF4B-00C04F79EFBC}") = "DML_MobgameClient.Domain", "DML_MobgameClient.Domain\DML_MobgameClient.Domain.csproj", "{30D3D155-4B03-4DC8-9FEE-E5F22EECA54F}"
EndProject
Project("{FAE04EC0-301F-11D3-BF4B-00C04F79EFBC}") = "xamlSpinnersWPF", "xamlSpinnersWPF\xamlSpinnersWPF.csproj", "{8C768879-D553-4B16-A7C8-905C7614732F}"
EndProject
Global
	GlobalSection(SolutionConfigurationPlatforms) = preSolution
		Debug|Any CPU = Debug|Any CPU
		Release|Any CPU = Release|Any CPU
	EndGlobalSection
	GlobalSection(ProjectConfigurationPlatforms) = postSolution
		{B9D903E9-2658-431F-ACC2-26EBD3E19871}.Debug|Any CPU.ActiveCfg = Debug|Any CPU
		{B9D903E9-2658-431F-ACC2-26EBD3E19871}.Debug|Any CPU.Build.0 = Debug|Any CPU
		{B9D903E9-2658-431F-ACC2-26EBD3E19871}.Release|Any CPU.ActiveCfg = Release|Any CPU
		{B9D903E9-2658-431F-ACC2-26EBD3E19871}.Release|Any CPU.Build.0 = Release|Any CPU
		{D15DCBB6-D3E0-40B8-8118-86A5F49610E9}.Debug|Any CPU.ActiveCfg = Debug|Any CPU
		{D15DCBB6-D3E0-40B8-8118-86A5F49610E9}.Debug|Any CPU.Build.0 = Debug|Any CPU
		{D15DCBB6-D3E0-40B8-8118-86A5F49610E9}.Release|Any CPU.ActiveCfg = Release|Any CPU
		{D15DCBB6-D3E0-40B8-8118-86A5F49610E9}.Release|Any CPU.Build.0 = Release|Any CPU
		{56164678-45A8-4524-9031-99159593422C}.Debug|Any CPU.ActiveCfg = Debug|Any CPU
		{56164678-45A8-4524-9031-99159593422C}.Debug|Any CPU.Build.0 = Debug|Any CPU
		{56164678-45A8-4524-9031-99159593422C}.Release|Any CPU.ActiveCfg = Release|Any CPU
		{56164678-45A8-4524-9031-99159593422C}.Release|Any CPU.Build.0 = Release|Any CPU
		{30D3D155-4B03-4DC8-9FEE-E5F22EECA54F}.Debug|Any CPU.ActiveCfg = Debug|Any CPU
		{30D3D155-4B03-4DC8-9FEE-E5F22EECA54F}.Debug|Any CPU.Build.0 = Debug|Any CPU
		{30D3D155-4B03-4DC8-9FEE-E5F22EECA54F}.Release|Any CPU.ActiveCfg = Release|Any CPU
		{30D3D155-4B03-4DC8-9FEE-E5F22EECA54F}.Release|Any CPU.Build.0 = Release|Any CPU
		{8C768879-D553-4B16-A7C8-905C7614732F}.Debug|Any CPU.ActiveCfg = Debug|Any CPU
		{8C768879-D553-4B16-A7C8-905C7614732F}.Debug|Any CPU.Build.0 = Debug|Any CPU
		{8C768879-D553-4B16-A7C8-905C7614732F}.Release|Any CPU.ActiveCfg = Release|Any CPU
		{8C768879-D553-4B16-A7C8-905C7614732F}.Release|Any CPU.Build.0 = Release|Any CPU
	EndGlobalSection
	GlobalSection(SolutionProperties) = preSolution
		HideSolutionNode = FALSE
	EndGlobalSection
	GlobalSection(NestedProjects) = preSolution
		{56164678-45A8-4524-9031-99159593422C} = {BAF4648E-B494-419E-9CAA-92524A6E640F}
	EndGlobalSection
EndGlobal
